{
    "name": "@free-js/tslint-config",
    "version": "1.0.0",
    "lockfileVersion": 1,
    "requires": true,
    "dependencies": {
        "@fimbul/bifrost": {
            "version": "0.15.0",
            "resolved": "https://registry.npmjs.org/@fimbul/bifrost/-/bifrost-0.15.0.tgz",
            "integrity": "sha512-sHTwnwA9YhxcVEJkBlfKH1KLmGQGnNYPxk+09w5NnkXelYiiP8a5f351weYfxG0CUPLt1Fgkha20Y/9+jhjn/Q==",
            "requires": {
                "@fimbul/ymir": "^0.15.0",
                "get-caller-file": "^2.0.0",
                "tslib": "^1.8.1",
                "tsutils": "^3.1.0"
            },
            "dependencies": {
                "tsutils": {
                    "version": "3.5.2",
                    "resolved": "https://registry.npmjs.org/tsutils/-/tsutils-3.5.2.tgz",
                    "integrity": "sha512-qIlklNuI/1Dzfm+G+kJV5gg3gimZIX5haYtIVQe7qGyKd7eu8T1t1DY6pz4Sc2CGXAj9s1izycctm9Zfl9sRuQ==",
                    "requires": {
                        "tslib": "^1.8.1"
                    }
                }
            }
        },
        "@fimbul/ymir": {
            "version": "0.15.0",
            "resolved": "https://registry.npmjs.org/@fimbul/ymir/-/ymir-0.15.0.tgz",
            "integrity": "sha512-Ow0TfxxQ65vIktHcZyXHeDsGKuzJ9Vt6y77R/aOrXQXLMdYHG+XdbiUWzQbtaGOmNzYVkQfINiFnIdvn5Bn24g==",
            "requires": {
                "inversify": "^5.0.0",
                "reflect-metadata": "^0.1.12",
                "tslib": "^1.8.1"
            }
        },
        "app-root-path": {
            "version": "2.1.0",
            "resolved": "https://registry.npmjs.org/app-root-path/-/app-root-path-2.1.0.tgz",
            "integrity": "sha1-mL9lmTJ+zqGZMJhm6BQDaP0uZGo="
        },
        "codelyzer": {
            "version": "4.5.0",
            "resolved": "https://registry.npmjs.org/codelyzer/-/codelyzer-4.5.0.tgz",
            "integrity": "sha512-oO6vCkjqsVrEsmh58oNlnJkRXuA30hF8cdNAQV9DytEalDwyOFRvHMnlKFzmOStNerOmPGZU9GAHnBo4tGvtiQ==",
            "requires": {
                "app-root-path": "^2.1.0",
                "css-selector-tokenizer": "^0.7.0",
                "cssauron": "^1.4.0",
                "semver-dsl": "^1.0.1",
                "source-map": "^0.5.7",
                "sprintf-js": "^1.1.1"
            }
        },
        "css-selector-tokenizer": {
            "version": "0.7.1",
            "resolved": "https://registry.npmjs.org/css-selector-tokenizer/-/css-selector-tokenizer-0.7.1.tgz",
            "integrity": "sha512-xYL0AMZJ4gFzJQsHUKa5jiWWi2vH77WVNg7JYRyewwj6oPh4yb/y6Y9ZCw9dsj/9UauMhtuxR+ogQd//EdEVNA==",
            "requires": {
                "cssesc": "^0.1.0",
                "fastparse": "^1.1.1",
                "regexpu-core": "^1.0.0"
            }
        },
        "cssauron": {
            "version": "1.4.0",
            "resolved": "https://registry.npmjs.org/cssauron/-/cssauron-1.4.0.tgz",
            "integrity": "sha1-pmAt/34EqDBtwNuaVR6S6LVmKtg=",
            "requires": {
                "through": "X.X.X"
            }
        },
        "cssesc": {
            "version": "0.1.0",
            "resolved": "https://registry.npmjs.org/cssesc/-/cssesc-0.1.0.tgz",
            "integrity": "sha1-yBSQPkViM3GgR3tAEJqq++6t27Q="
        },
        "fastparse": {
            "version": "1.1.2",
            "resolved": "https://registry.npmjs.org/fastparse/-/fastparse-1.1.2.tgz",
            "integrity": "sha512-483XLLxTVIwWK3QTrMGRqUfUpoOs/0hbQrl2oz4J0pAcm3A3bu84wxTFqGqkJzewCLdME38xJLJAxBABfQT8sQ=="
        },
        "get-caller-file": {
            "version": "2.0.0",
            "resolved": "https://registry.npmjs.org/get-caller-file/-/get-caller-file-2.0.0.tgz",
            "integrity": "sha512-cF41L/f/7nXpSwMMHMY0FIurpTPZq/eHwJdeh2+0kKYhL9eD7RqsgMujd3qdqvWdjGIHjwvd/iEMTNECl2EhzA=="
        },
        "inversify": {
            "version": "5.0.1",
            "resolved": "https://registry.npmjs.org/inversify/-/inversify-5.0.1.tgz",
            "integrity": "sha512-Ieh06s48WnEYGcqHepdsJUIJUXpwH5o5vodAX+DK2JA/gjy4EbEcQZxw+uFfzysmKjiLXGYwNG3qDZsKVMcINQ=="
        },
        "jsesc": {
            "version": "0.5.0",
            "resolved": "http://registry.npmjs.org/jsesc/-/jsesc-0.5.0.tgz",
            "integrity": "sha1-597mbjXW/Bb3EP6R1c9p9w8IkR0="
        },
        "reflect-metadata": {
            "version": "0.1.12",
            "resolved": "https://registry.npmjs.org/reflect-metadata/-/reflect-metadata-0.1.12.tgz",
            "integrity": "sha512-n+IyV+nGz3+0q3/Yf1ra12KpCyi001bi4XFxSjbiWWjfqb52iTTtpGXmCCAOWWIAn9KEuFZKGqBERHmrtScZ3A=="
        },
        "regenerate": {
            "version": "1.4.0",
            "resolved": "https://registry.npmjs.org/regenerate/-/regenerate-1.4.0.tgz",
            "integrity": "sha512-1G6jJVDWrt0rK99kBjvEtziZNCICAuvIPkSiUFIQxVP06RCVpq3dmDo2oi6ABpYaDYaTRr67BEhL8r1wgEZZKg=="
        },
        "regexpu-core": {
            "version": "1.0.0",
            "resolved": "http://registry.npmjs.org/regexpu-core/-/regexpu-core-1.0.0.tgz",
            "integrity": "sha1-hqdj9Y7k18L2sQLkdkBQ3n7ZDGs=",
            "requires": {
                "regenerate": "^1.2.1",
                "regjsgen": "^0.2.0",
                "regjsparser": "^0.1.4"
            }
        },
        "regjsgen": {
            "version": "0.2.0",
            "resolved": "http://registry.npmjs.org/regjsgen/-/regjsgen-0.2.0.tgz",
            "integrity": "sha1-bAFq3qxVT3WCP+N6wFuS1aTtsfc="
        },
        "regjsparser": {
            "version": "0.1.5",
            "resolved": "http://registry.npmjs.org/regjsparser/-/regjsparser-0.1.5.tgz",
            "integrity": "sha1-fuj4Tcb6eS0/0K4ijSS9lJ6tIFw=",
            "requires": {
                "jsesc": "~0.5.0"
            }
        },
        "semver": {
            "version": "5.6.0",
            "resolved": "https://registry.npmjs.org/semver/-/semver-5.6.0.tgz",
            "integrity": "sha512-RS9R6R35NYgQn++fkDWaOmqGoj4Ek9gGs+DPxNUZKuwE183xjJroKvyo1IzVFeXvUrvmALy6FWD5xrdJT25gMg=="
        },
        "semver-dsl": {
            "version": "1.0.1",
            "resolved": "https://registry.npmjs.org/semver-dsl/-/semver-dsl-1.0.1.tgz",
            "integrity": "sha1-02eN5VVeimH2Ke7QJTZq5fJzQKA=",
            "requires": {
                "semver": "^5.3.0"
            }
        },
        "source-map": {
            "version": "0.5.7",
            "resolved": "https://registry.npmjs.org/source-map/-/source-map-0.5.7.tgz",
            "integrity": "sha1-igOdLRAh0i0eoUyA2OpGi6LvP8w="
        },
        "sprintf-js": {
            "version": "1.1.2",
            "resolved": "https://registry.npmjs.org/sprintf-js/-/sprintf-js-1.1.2.tgz",
            "integrity": "sha512-VE0SOVEHCk7Qc8ulkWw3ntAzXuqf7S2lvwQaDLRnUeIEaKNQJzV6BwmLKhOqT61aGhfUMrXeaBk+oDGCzvhcug=="
        },
        "through": {
            "version": "2.3.8",
            "resolved": "http://registry.npmjs.org/through/-/through-2.3.8.tgz",
            "integrity": "sha1-DdTJ/6q8NXlgsbckEV1+Doai4fU="
        },
        "tslib": {
            "version": "1.9.3",
            "resolved": "https://registry.npmjs.org/tslib/-/tslib-1.9.3.tgz",
            "integrity": "sha512-4krF8scpejhaOgqzBEcGM7yDIEfi0/8+8zDRZhNZZ2kjmHJ4hv3zCbQWxoJGz1iw5U0Jl0nma13xzHXcncMavQ=="
        },
        "tslint-consistent-codestyle": {
            "version": "1.14.1",
            "resolved": "https://registry.npmjs.org/tslint-consistent-codestyle/-/tslint-consistent-codestyle-1.14.1.tgz",
            "integrity": "sha512-UxGRX2fF5LpZtqYpuPFaIva+2D7ASX3pTVw41yis6Hmw7PPA3cBnFEX1jqRsnyxGrca6mHxz7xDnwCHtOjWJMQ==",
            "requires": {
                "@fimbul/bifrost": "^0.15.0",
                "tslib": "^1.7.1",
                "tsutils": "^2.29.0"
            }
        },
        "tsutils": {
            "version": "2.29.0",
            "resolved": "https://registry.npmjs.org/tsutils/-/tsutils-2.29.0.tgz",
            "integrity": "sha512-g5JVHCIJwzfISaXpXE1qvNalca5Jwob6FjI4AoPlqMusJ6ftFE7IkkFoMhVLRgK+4Kx3gkzb8UZK5t5yTTvEmA==",
            "requires": {
                "tslib": "^1.8.1"
            }
        }
    }
}
